
Microsoft Visual Studio Solution File, Format Version 12.00
# Visual Studio 15
VisualStudioVersion = 15.0.28307.106
MinimumVisualStudioVersion = 10.0.40219.1
Project("{8BC9CEB8-8B4A-11D0-8D11-00A0C91BC942}") = "018数组中折半查找", "018数组中折半查找\018数组中折半查找.vcxproj", "{182AF584-DACB-403B-AA36-CC2378C0F0E6}"
EndProject
Global
	GlobalSection(SolutionConfigurationPlatforms) = preSolution
		Debug|x64 = Debug|x64
		Debug|x86 = Debug|x86
		Release|x64 = Release|x64
		Release|x86 = Release|x86
	EndGlobalSection
	GlobalSection(ProjectConfigurationPlatforms) = postSolution
		{182AF584-DACB-403B-AA36-CC2378C0F0E6}.Debug|x64.ActiveCfg = Debug|x64
		{182AF584-DACB-403B-AA36-CC2378C0F0E6}.Debug|x64.Build.0 = Debug|x64
		{182AF584-DACB-403B-AA36-CC2378C0F0E6}.Debug|x86.ActiveCfg = Debug|Win32
		{182AF584-DACB-403B-AA36-CC2378C0F0E6}.Debug|x86.Build.0 = Debug|Win32
		{182AF584-DACB-403B-AA36-CC2378C0F0E6}.Release|x64.ActiveCfg = Release|x64
		{182AF584-DACB-403B-AA36-CC2378C0F0E6}.Release|x64.Build.0 = Release|x64
		{182AF584-DACB-403B-AA36-CC2378C0F0E6}.Release|x86.ActiveCfg = Release|Win32
		{182AF584-DACB-403B-AA36-CC2378C0F0E6}.Release|x86.Build.0 = Release|Win32
	EndGlobalSection
	GlobalSection(SolutionProperties) = preSolution
		HideSolutionNode = FALSE
	EndGlobalSection
	GlobalSection(ExtensibilityGlobals) = postSolution
		SolutionGuid = {5E7B99BB-485C-44DC-9854-84C8A7CFF84E}
	EndGlobalSection
EndGlobal
