
Microsoft Visual Studio Solution File, Format Version 12.00
# Visual Studio 15
VisualStudioVersion = 15.0.28307.757
MinimumVisualStudioVersion = 10.0.40219.1
Project("{8BC9CEB8-8B4A-11D0-8D11-00A0C91BC942}") = "056喝汽水，1瓶汽水1元，2个空瓶可以换一瓶汽水", "056喝汽水，1瓶汽水1元，2个空瓶可以换一瓶汽水\056喝汽水，1瓶汽水1元，2个空瓶可以换一瓶汽水.vcxproj", "{043207B4-F5D2-4A34-9B1F-00AE5C56782C}"
EndProject
Global
	GlobalSection(SolutionConfigurationPlatforms) = preSolution
		Debug|x64 = Debug|x64
		Debug|x86 = Debug|x86
		Release|x64 = Release|x64
		Release|x86 = Release|x86
	EndGlobalSection
	GlobalSection(ProjectConfigurationPlatforms) = postSolution
		{043207B4-F5D2-4A34-9B1F-00AE5C56782C}.Debug|x64.ActiveCfg = Debug|x64
		{043207B4-F5D2-4A34-9B1F-00AE5C56782C}.Debug|x64.Build.0 = Debug|x64
		{043207B4-F5D2-4A34-9B1F-00AE5C56782C}.Debug|x86.ActiveCfg = Debug|Win32
		{043207B4-F5D2-4A34-9B1F-00AE5C56782C}.Debug|x86.Build.0 = Debug|Win32
		{043207B4-F5D2-4A34-9B1F-00AE5C56782C}.Release|x64.ActiveCfg = Release|x64
		{043207B4-F5D2-4A34-9B1F-00AE5C56782C}.Release|x64.Build.0 = Release|x64
		{043207B4-F5D2-4A34-9B1F-00AE5C56782C}.Release|x86.ActiveCfg = Release|Win32
		{043207B4-F5D2-4A34-9B1F-00AE5C56782C}.Release|x86.Build.0 = Release|Win32
	EndGlobalSection
	GlobalSection(SolutionProperties) = preSolution
		HideSolutionNode = FALSE
	EndGlobalSection
	GlobalSection(ExtensibilityGlobals) = postSolution
		SolutionGuid = {C26FCA55-5805-443C-ACB6-16EDEE95358F}
	EndGlobalSection
EndGlobal
