
Microsoft Visual Studio Solution File, Format Version 12.00
# Visual Studio 15
VisualStudioVersion = 15.0.28307.106
MinimumVisualStudioVersion = 10.0.40219.1
Project("{8BC9CEB8-8B4A-11D0-8D11-00A0C91BC942}") = "003数组内容交换", "003数组内容交换\003数组内容交换.vcxproj", "{E1DA2D03-42E2-44DD-BEFD-C3DA28759AE6}"
EndProject
Global
	GlobalSection(SolutionConfigurationPlatforms) = preSolution
		Debug|x64 = Debug|x64
		Debug|x86 = Debug|x86
		Release|x64 = Release|x64
		Release|x86 = Release|x86
	EndGlobalSection
	GlobalSection(ProjectConfigurationPlatforms) = postSolution
		{E1DA2D03-42E2-44DD-BEFD-C3DA28759AE6}.Debug|x64.ActiveCfg = Debug|x64
		{E1DA2D03-42E2-44DD-BEFD-C3DA28759AE6}.Debug|x64.Build.0 = Debug|x64
		{E1DA2D03-42E2-44DD-BEFD-C3DA28759AE6}.Debug|x86.ActiveCfg = Debug|Win32
		{E1DA2D03-42E2-44DD-BEFD-C3DA28759AE6}.Debug|x86.Build.0 = Debug|Win32
		{E1DA2D03-42E2-44DD-BEFD-C3DA28759AE6}.Release|x64.ActiveCfg = Release|x64
		{E1DA2D03-42E2-44DD-BEFD-C3DA28759AE6}.Release|x64.Build.0 = Release|x64
		{E1DA2D03-42E2-44DD-BEFD-C3DA28759AE6}.Release|x86.ActiveCfg = Release|Win32
		{E1DA2D03-42E2-44DD-BEFD-C3DA28759AE6}.Release|x86.Build.0 = Release|Win32
	EndGlobalSection
	GlobalSection(SolutionProperties) = preSolution
		HideSolutionNode = FALSE
	EndGlobalSection
	GlobalSection(ExtensibilityGlobals) = postSolution
		SolutionGuid = {8CB3D3EB-9DD4-4A33-B4B4-2EC324D8F7BD}
	EndGlobalSection
EndGlobal
