
Microsoft Visual Studio Solution File, Format Version 12.00
# Visual Studio 15
VisualStudioVersion = 15.0.28307.779
MinimumVisualStudioVersion = 10.0.40219.1
Project("{8BC9CEB8-8B4A-11D0-8D11-00A0C91BC942}") = "063汉诺塔", "063汉诺塔\063汉诺塔.vcxproj", "{F78644ED-B4F8-48E1-8425-17384794F1BA}"
EndProject
Global
	GlobalSection(SolutionConfigurationPlatforms) = preSolution
		Debug|x64 = Debug|x64
		Debug|x86 = Debug|x86
		Release|x64 = Release|x64
		Release|x86 = Release|x86
	EndGlobalSection
	GlobalSection(ProjectConfigurationPlatforms) = postSolution
		{F78644ED-B4F8-48E1-8425-17384794F1BA}.Debug|x64.ActiveCfg = Debug|x64
		{F78644ED-B4F8-48E1-8425-17384794F1BA}.Debug|x64.Build.0 = Debug|x64
		{F78644ED-B4F8-48E1-8425-17384794F1BA}.Debug|x86.ActiveCfg = Debug|Win32
		{F78644ED-B4F8-48E1-8425-17384794F1BA}.Debug|x86.Build.0 = Debug|Win32
		{F78644ED-B4F8-48E1-8425-17384794F1BA}.Release|x64.ActiveCfg = Release|x64
		{F78644ED-B4F8-48E1-8425-17384794F1BA}.Release|x64.Build.0 = Release|x64
		{F78644ED-B4F8-48E1-8425-17384794F1BA}.Release|x86.ActiveCfg = Release|Win32
		{F78644ED-B4F8-48E1-8425-17384794F1BA}.Release|x86.Build.0 = Release|Win32
	EndGlobalSection
	GlobalSection(SolutionProperties) = preSolution
		HideSolutionNode = FALSE
	EndGlobalSection
	GlobalSection(ExtensibilityGlobals) = postSolution
		SolutionGuid = {39814D1D-45C4-46EC-A29B-50DBC477BC1A}
	EndGlobalSection
EndGlobal
