
Microsoft Visual Studio Solution File, Format Version 12.00
# Visual Studio 15
VisualStudioVersion = 15.0.28307.106
MinimumVisualStudioVersion = 10.0.40219.1
Project("{8BC9CEB8-8B4A-11D0-8D11-00A0C91BC942}") = "001计算Π", "001计算Π\001计算Π.vcxproj", "{AC1E1692-DBE6-4495-97DE-ACE23D94BE23}"
EndProject
Global
	GlobalSection(SolutionConfigurationPlatforms) = preSolution
		Debug|x64 = Debug|x64
		Debug|x86 = Debug|x86
		Release|x64 = Release|x64
		Release|x86 = Release|x86
	EndGlobalSection
	GlobalSection(ProjectConfigurationPlatforms) = postSolution
		{AC1E1692-DBE6-4495-97DE-ACE23D94BE23}.Debug|x64.ActiveCfg = Debug|x64
		{AC1E1692-DBE6-4495-97DE-ACE23D94BE23}.Debug|x64.Build.0 = Debug|x64
		{AC1E1692-DBE6-4495-97DE-ACE23D94BE23}.Debug|x86.ActiveCfg = Debug|Win32
		{AC1E1692-DBE6-4495-97DE-ACE23D94BE23}.Debug|x86.Build.0 = Debug|Win32
		{AC1E1692-DBE6-4495-97DE-ACE23D94BE23}.Release|x64.ActiveCfg = Release|x64
		{AC1E1692-DBE6-4495-97DE-ACE23D94BE23}.Release|x64.Build.0 = Release|x64
		{AC1E1692-DBE6-4495-97DE-ACE23D94BE23}.Release|x86.ActiveCfg = Release|Win32
		{AC1E1692-DBE6-4495-97DE-ACE23D94BE23}.Release|x86.Build.0 = Release|Win32
	EndGlobalSection
	GlobalSection(SolutionProperties) = preSolution
		HideSolutionNode = FALSE
	EndGlobalSection
	GlobalSection(ExtensibilityGlobals) = postSolution
		SolutionGuid = {47AC2299-BFC3-4C07-BF46-0B1C37845218}
	EndGlobalSection
EndGlobal
