
Microsoft Visual Studio Solution File, Format Version 12.00
# Visual Studio 15
VisualStudioVersion = 15.0.28307.106
MinimumVisualStudioVersion = 10.0.40219.1
Project("{8BC9CEB8-8B4A-11D0-8D11-00A0C91BC942}") = "002计算1到 100 的所有整数中出现多少个数字9。", "002计算1到 100 的所有整数中出现多少个数字9。\002计算1到 100 的所有整数中出现多少个数字9。.vcxproj", "{9438AC8C-14E5-40F1-A228-B65D319419FE}"
EndProject
Global
	GlobalSection(SolutionConfigurationPlatforms) = preSolution
		Debug|x64 = Debug|x64
		Debug|x86 = Debug|x86
		Release|x64 = Release|x64
		Release|x86 = Release|x86
	EndGlobalSection
	GlobalSection(ProjectConfigurationPlatforms) = postSolution
		{9438AC8C-14E5-40F1-A228-B65D319419FE}.Debug|x64.ActiveCfg = Debug|x64
		{9438AC8C-14E5-40F1-A228-B65D319419FE}.Debug|x64.Build.0 = Debug|x64
		{9438AC8C-14E5-40F1-A228-B65D319419FE}.Debug|x86.ActiveCfg = Debug|Win32
		{9438AC8C-14E5-40F1-A228-B65D319419FE}.Debug|x86.Build.0 = Debug|Win32
		{9438AC8C-14E5-40F1-A228-B65D319419FE}.Release|x64.ActiveCfg = Release|x64
		{9438AC8C-14E5-40F1-A228-B65D319419FE}.Release|x64.Build.0 = Release|x64
		{9438AC8C-14E5-40F1-A228-B65D319419FE}.Release|x86.ActiveCfg = Release|Win32
		{9438AC8C-14E5-40F1-A228-B65D319419FE}.Release|x86.Build.0 = Release|Win32
	EndGlobalSection
	GlobalSection(SolutionProperties) = preSolution
		HideSolutionNode = FALSE
	EndGlobalSection
	GlobalSection(ExtensibilityGlobals) = postSolution
		SolutionGuid = {4F840D8B-1EE9-40AA-B993-B82101E73FF9}
	EndGlobalSection
EndGlobal
