
Microsoft Visual Studio Solution File, Format Version 12.00
# Visual Studio 15
VisualStudioVersion = 15.0.28307.106
MinimumVisualStudioVersion = 10.0.40219.1
Project("{8BC9CEB8-8B4A-11D0-8D11-00A0C91BC942}") = "035跳水比赛", "035跳水比赛\035跳水比赛.vcxproj", "{4401954F-D6B3-4F31-946D-1EB2AD6073EE}"
EndProject
Global
	GlobalSection(SolutionConfigurationPlatforms) = preSolution
		Debug|x64 = Debug|x64
		Debug|x86 = Debug|x86
		Release|x64 = Release|x64
		Release|x86 = Release|x86
	EndGlobalSection
	GlobalSection(ProjectConfigurationPlatforms) = postSolution
		{4401954F-D6B3-4F31-946D-1EB2AD6073EE}.Debug|x64.ActiveCfg = Debug|x64
		{4401954F-D6B3-4F31-946D-1EB2AD6073EE}.Debug|x64.Build.0 = Debug|x64
		{4401954F-D6B3-4F31-946D-1EB2AD6073EE}.Debug|x86.ActiveCfg = Debug|Win32
		{4401954F-D6B3-4F31-946D-1EB2AD6073EE}.Debug|x86.Build.0 = Debug|Win32
		{4401954F-D6B3-4F31-946D-1EB2AD6073EE}.Release|x64.ActiveCfg = Release|x64
		{4401954F-D6B3-4F31-946D-1EB2AD6073EE}.Release|x64.Build.0 = Release|x64
		{4401954F-D6B3-4F31-946D-1EB2AD6073EE}.Release|x86.ActiveCfg = Release|Win32
		{4401954F-D6B3-4F31-946D-1EB2AD6073EE}.Release|x86.Build.0 = Release|Win32
	EndGlobalSection
	GlobalSection(SolutionProperties) = preSolution
		HideSolutionNode = FALSE
	EndGlobalSection
	GlobalSection(ExtensibilityGlobals) = postSolution
		SolutionGuid = {6552EF37-3864-4B81-ADC9-964A66744227}
	EndGlobalSection
EndGlobal
