
Microsoft Visual Studio Solution File, Format Version 12.00
# Visual Studio 15
VisualStudioVersion = 15.0.28307.106
MinimumVisualStudioVersion = 10.0.40219.1
Project("{8BC9CEB8-8B4A-11D0-8D11-00A0C91BC942}") = "020函数判断是不是素数", "020函数判断是不是素数\020函数判断是不是素数.vcxproj", "{F43DB534-9F3B-4559-961F-2A1991F40011}"
EndProject
Global
	GlobalSection(SolutionConfigurationPlatforms) = preSolution
		Debug|x64 = Debug|x64
		Debug|x86 = Debug|x86
		Release|x64 = Release|x64
		Release|x86 = Release|x86
	EndGlobalSection
	GlobalSection(ProjectConfigurationPlatforms) = postSolution
		{F43DB534-9F3B-4559-961F-2A1991F40011}.Debug|x64.ActiveCfg = Debug|x64
		{F43DB534-9F3B-4559-961F-2A1991F40011}.Debug|x64.Build.0 = Debug|x64
		{F43DB534-9F3B-4559-961F-2A1991F40011}.Debug|x86.ActiveCfg = Debug|Win32
		{F43DB534-9F3B-4559-961F-2A1991F40011}.Debug|x86.Build.0 = Debug|Win32
		{F43DB534-9F3B-4559-961F-2A1991F40011}.Release|x64.ActiveCfg = Release|x64
		{F43DB534-9F3B-4559-961F-2A1991F40011}.Release|x64.Build.0 = Release|x64
		{F43DB534-9F3B-4559-961F-2A1991F40011}.Release|x86.ActiveCfg = Release|Win32
		{F43DB534-9F3B-4559-961F-2A1991F40011}.Release|x86.Build.0 = Release|Win32
	EndGlobalSection
	GlobalSection(SolutionProperties) = preSolution
		HideSolutionNode = FALSE
	EndGlobalSection
	GlobalSection(ExtensibilityGlobals) = postSolution
		SolutionGuid = {739916E5-D3CB-4610-BBAD-3962658EEA7A}
	EndGlobalSection
EndGlobal
